
Microsoft Visual Studio Solution File, Format Version 12.00
# Visual Studio Version 16
VisualStudioVersion = 16.0.29609.76
MinimumVisualStudioVersion = 10.0.40219.1
Project("{FAE04EC0-301F-11D3-BF4B-00C04F79EFBC}") = "Нотариус", "Нотариус.csproj", "{410B1DC8-24A5-449D-922E-B5121D459CDA}"
EndProject
Global
	GlobalSection(SolutionConfigurationPlatforms) = preSolution
		Debug|Any CPU = Debug|Any CPU
		Release|Any CPU = Release|Any CPU
	EndGlobalSection
	GlobalSection(ProjectConfigurationPlatforms) = postSolution
		{410B1DC8-24A5-449D-922E-B5121D459CDA}.Debug|Any CPU.ActiveCfg = Debug|Any CPU
		{410B1DC8-24A5-449D-922E-B5121D459CDA}.Debug|Any CPU.Build.0 = Debug|Any CPU
		{410B1DC8-24A5-449D-922E-B5121D459CDA}.Release|Any CPU.ActiveCfg = Release|Any CPU
		{410B1DC8-24A5-449D-922E-B5121D459CDA}.Release|Any CPU.Build.0 = Release|Any CPU
	EndGlobalSection
	GlobalSection(SolutionProperties) = preSolution
		HideSolutionNode = FALSE
	EndGlobalSection
	GlobalSection(ExtensibilityGlobals) = postSolution
		SolutionGuid = {C0E0CA55-D82A-4E67-955A-9C4B607E5D1C}
	EndGlobalSection
EndGlobal
